
Microsoft Visual Studio Solution File, Format Version 12.00
# Visual Studio 15
VisualStudioVersion = 15.0.27703.2035
MinimumVisualStudioVersion = 10.0.40219.1
Project("{FAE04EC0-301F-11D3-BF4B-00C04F79EFBC}") = "AzureD365DemoWebJob", "AzureD365DemoWebJob\AzureD365DemoWebJob.csproj", "{60A3C862-C233-4A0C-89A5-B7D4924FD95B}"
EndProject
Project("{FAE04EC0-301F-11D3-BF4B-00C04F79EFBC}") = "ServiceBusDataLoader", "ServiceBusDataLoader\ServiceBusDataLoader.csproj", "{18C5E79C-CD67-47AF-9E1F-B336CEC2EE55}"
EndProject
Global
	GlobalSection(SolutionConfigurationPlatforms) = preSolution
		Debug|Any CPU = Debug|Any CPU
		Release|Any CPU = Release|Any CPU
	EndGlobalSection
	GlobalSection(ProjectConfigurationPlatforms) = postSolution
		{60A3C862-C233-4A0C-89A5-B7D4924FD95B}.Debug|Any CPU.ActiveCfg = Debug|Any CPU
		{60A3C862-C233-4A0C-89A5-B7D4924FD95B}.Debug|Any CPU.Build.0 = Debug|Any CPU
		{60A3C862-C233-4A0C-89A5-B7D4924FD95B}.Release|Any CPU.ActiveCfg = Release|Any CPU
		{60A3C862-C233-4A0C-89A5-B7D4924FD95B}.Release|Any CPU.Build.0 = Release|Any CPU
		{18C5E79C-CD67-47AF-9E1F-B336CEC2EE55}.Debug|Any CPU.ActiveCfg = Debug|Any CPU
		{18C5E79C-CD67-47AF-9E1F-B336CEC2EE55}.Debug|Any CPU.Build.0 = Debug|Any CPU
		{18C5E79C-CD67-47AF-9E1F-B336CEC2EE55}.Release|Any CPU.ActiveCfg = Release|Any CPU
		{18C5E79C-CD67-47AF-9E1F-B336CEC2EE55}.Release|Any CPU.Build.0 = Release|Any CPU
		{C8E32B56-7E22-405B-9DC8-289B7C9CD224}.Debug|Any CPU.ActiveCfg = Debug|Any CPU
		{C8E32B56-7E22-405B-9DC8-289B7C9CD224}.Debug|Any CPU.Build.0 = Debug|Any CPU
		{C8E32B56-7E22-405B-9DC8-289B7C9CD224}.Release|Any CPU.ActiveCfg = Release|Any CPU
		{C8E32B56-7E22-405B-9DC8-289B7C9CD224}.Release|Any CPU.Build.0 = Release|Any CPU
	EndGlobalSection
	GlobalSection(SolutionProperties) = preSolution
		HideSolutionNode = FALSE
	EndGlobalSection
	GlobalSection(ExtensibilityGlobals) = postSolution
		SolutionGuid = {C5DC93A8-EB45-4995-89D2-BE32BCF31417}
	EndGlobalSection
EndGlobal
